
Microsoft Visual Studio Solution File, Format Version 12.00
# Visual Studio 15
VisualStudioVersion = 15.0.26228.10
MinimumVisualStudioVersion = 10.0.40219.1
Project("{2150E333-8FDC-42A3-9474-1A3956D46DE8}") = "0 - Presentation", "0 - Presentation", "{2B2BBED5-E9FE-42F5-B3FC-FF80192B31B0}"
EndProject
Project("{2150E333-8FDC-42A3-9474-1A3956D46DE8}") = "1 - Services", "1 - Services", "{246E876D-CD4C-4E5F-A90D-92E977F3A75B}"
EndProject
Project("{2150E333-8FDC-42A3-9474-1A3956D46DE8}") = "2 - Application", "2 - Application", "{C18D8BFF-6562-45B8-A43B-E1A808525287}"
EndProject
Project("{2150E333-8FDC-42A3-9474-1A3956D46DE8}") = "3 - Domain", "3 - Domain", "{B48C5654-A1AC-47FE-8778-0DBE60A15D3C}"
EndProject
Project("{2150E333-8FDC-42A3-9474-1A3956D46DE8}") = "4 - Infra", "4 - Infra", "{3D038031-EC17-43DA-85B7-09D79558D919}"
EndProject
Project("{2150E333-8FDC-42A3-9474-1A3956D46DE8}") = "4.1 - CrossCutting", "4.1 - CrossCutting", "{011EFDBD-51AB-4D66-8C77-54D91FC84953}"
EndProject
Project("{2150E333-8FDC-42A3-9474-1A3956D46DE8}") = "4.2 - Data", "4.2 - Data", "{8F0B0339-36BF-4DA5-B7DA-CA4C52F427F3}"
EndProject
Project("{2150E333-8FDC-42A3-9474-1A3956D46DE8}") = "0.1 - Web", "0.1 - Web", "{03062A4A-25FF-4BB0-A1FE-60BC20583520}"
EndProject
Project("{2150E333-8FDC-42A3-9474-1A3956D46DE8}") = "0.2 - Mobile", "0.2 - Mobile", "{132ECD71-0062-4C58-A275-68874D9DDE02}"
EndProject
Project("{FAE04EC0-301F-11D3-BF4B-00C04F79EFBC}") = "Apostas.Web", "Apostas.Web\Apostas.Web.csproj", "{E5A07D00-8119-499A-ABFD-E11CF546C67A}"
EndProject
Project("{FAE04EC0-301F-11D3-BF4B-00C04F79EFBC}") = "Apostas.Domain", "Apostas.Domain\Apostas.Domain.csproj", "{0C8E76BC-148D-41FA-B836-7C85821BF741}"
EndProject
Project("{FAE04EC0-301F-11D3-BF4B-00C04F79EFBC}") = "Apostas.Infra.Data", "Apostas.Infra.Data\Apostas.Infra.Data.csproj", "{53213D48-96D7-400B-9DA5-3384A5A87040}"
EndProject
Project("{FAE04EC0-301F-11D3-BF4B-00C04F79EFBC}") = "Apostas.Application", "Apostas.Application\Apostas.Application.csproj", "{027EDC3F-813E-42C4-95CD-14E99BEA1B53}"
EndProject
Global
	GlobalSection(SolutionConfigurationPlatforms) = preSolution
		Debug|Any CPU = Debug|Any CPU
		Release|Any CPU = Release|Any CPU
	EndGlobalSection
	GlobalSection(ProjectConfigurationPlatforms) = postSolution
		{E5A07D00-8119-499A-ABFD-E11CF546C67A}.Debug|Any CPU.ActiveCfg = Debug|Any CPU
		{E5A07D00-8119-499A-ABFD-E11CF546C67A}.Debug|Any CPU.Build.0 = Debug|Any CPU
		{E5A07D00-8119-499A-ABFD-E11CF546C67A}.Release|Any CPU.ActiveCfg = Release|Any CPU
		{E5A07D00-8119-499A-ABFD-E11CF546C67A}.Release|Any CPU.Build.0 = Release|Any CPU
		{0C8E76BC-148D-41FA-B836-7C85821BF741}.Debug|Any CPU.ActiveCfg = Debug|Any CPU
		{0C8E76BC-148D-41FA-B836-7C85821BF741}.Debug|Any CPU.Build.0 = Debug|Any CPU
		{0C8E76BC-148D-41FA-B836-7C85821BF741}.Release|Any CPU.ActiveCfg = Release|Any CPU
		{0C8E76BC-148D-41FA-B836-7C85821BF741}.Release|Any CPU.Build.0 = Release|Any CPU
		{53213D48-96D7-400B-9DA5-3384A5A87040}.Debug|Any CPU.ActiveCfg = Debug|Any CPU
		{53213D48-96D7-400B-9DA5-3384A5A87040}.Debug|Any CPU.Build.0 = Debug|Any CPU
		{53213D48-96D7-400B-9DA5-3384A5A87040}.Release|Any CPU.ActiveCfg = Release|Any CPU
		{53213D48-96D7-400B-9DA5-3384A5A87040}.Release|Any CPU.Build.0 = Release|Any CPU
		{027EDC3F-813E-42C4-95CD-14E99BEA1B53}.Debug|Any CPU.ActiveCfg = Debug|Any CPU
		{027EDC3F-813E-42C4-95CD-14E99BEA1B53}.Debug|Any CPU.Build.0 = Debug|Any CPU
		{027EDC3F-813E-42C4-95CD-14E99BEA1B53}.Release|Any CPU.ActiveCfg = Release|Any CPU
		{027EDC3F-813E-42C4-95CD-14E99BEA1B53}.Release|Any CPU.Build.0 = Release|Any CPU
	EndGlobalSection
	GlobalSection(SolutionProperties) = preSolution
		HideSolutionNode = FALSE
	EndGlobalSection
	GlobalSection(NestedProjects) = preSolution
		{011EFDBD-51AB-4D66-8C77-54D91FC84953} = {3D038031-EC17-43DA-85B7-09D79558D919}
		{8F0B0339-36BF-4DA5-B7DA-CA4C52F427F3} = {3D038031-EC17-43DA-85B7-09D79558D919}
		{03062A4A-25FF-4BB0-A1FE-60BC20583520} = {2B2BBED5-E9FE-42F5-B3FC-FF80192B31B0}
		{132ECD71-0062-4C58-A275-68874D9DDE02} = {2B2BBED5-E9FE-42F5-B3FC-FF80192B31B0}
		{E5A07D00-8119-499A-ABFD-E11CF546C67A} = {03062A4A-25FF-4BB0-A1FE-60BC20583520}
		{0C8E76BC-148D-41FA-B836-7C85821BF741} = {B48C5654-A1AC-47FE-8778-0DBE60A15D3C}
		{53213D48-96D7-400B-9DA5-3384A5A87040} = {8F0B0339-36BF-4DA5-B7DA-CA4C52F427F3}
		{027EDC3F-813E-42C4-95CD-14E99BEA1B53} = {C18D8BFF-6562-45B8-A43B-E1A808525287}
	EndGlobalSection
EndGlobal
